
Microsoft Visual Studio Solution File, Format Version 12.00
# Visual Studio Version 16
VisualStudioVersion = 16.0.29001.49
MinimumVisualStudioVersion = 10.0.40219.1
Project("{FAE04EC0-301F-11D3-BF4B-00C04F79EFBC}") = "ControlLaboratorio", "ControlLaboratorio\ControlLaboratorio.csproj", "{8A06F257-0175-4D00-98F8-7A5B31553FA0}"
EndProject
Global
	GlobalSection(SolutionConfigurationPlatforms) = preSolution
		Debug|Any CPU = Debug|Any CPU
		Release|Any CPU = Release|Any CPU
	EndGlobalSection
	GlobalSection(ProjectConfigurationPlatforms) = postSolution
		{8A06F257-0175-4D00-98F8-7A5B31553FA0}.Debug|Any CPU.ActiveCfg = Debug|Any CPU
		{8A06F257-0175-4D00-98F8-7A5B31553FA0}.Debug|Any CPU.Build.0 = Debug|Any CPU
		{8A06F257-0175-4D00-98F8-7A5B31553FA0}.Release|Any CPU.ActiveCfg = Release|Any CPU
		{8A06F257-0175-4D00-98F8-7A5B31553FA0}.Release|Any CPU.Build.0 = Release|Any CPU
	EndGlobalSection
	GlobalSection(SolutionProperties) = preSolution
		HideSolutionNode = FALSE
	EndGlobalSection
	GlobalSection(ExtensibilityGlobals) = postSolution
		SolutionGuid = {B1D94A39-F222-4B3B-A057-096B07D8FD33}
	EndGlobalSection
EndGlobal
